// !$*UTF8*$!
{
	archiveVersion = 1;
	classes = {
	};
	objectVersion = 47;
	objects = {

/* Begin PBXBuildFile section */
		053932991D9DA13A0088DB99 /* MapKit.framework in Frameworks */ = {isa = PBXBuildFile; fileRef = 053932981D9DA13A0088DB99 /* MapKit.framework */; };
		05DF20AF1CECDC5C00D48CFC /* main.jsbundle in Resources */ = {isa = PBXBuildFile; fileRef = 05DF20AE1CECDC5C00D48CFC /* main.jsbundle */; };
		05F7BE311CF4014A00057E91 /* logo.png in Resources */ = {isa = PBXBuildFile; fileRef = 05F7BE301CF4014A00057E91 /* logo.png */; };
		29154D981DA31DD7005BACC5 /* dreamhouseSnapshotTests.m in Sources */ = {isa = PBXBuildFile; fileRef = 29154D971DA31DD7005BACC5 /* dreamhouseSnapshotTests.m */; };
		29154DA01DA3299A005BACC5 /* libRCTTest.a in Frameworks */ = {isa = PBXBuildFile; fileRef = 29154D671DA30316005BACC5 /* libRCTTest.a */; };
		2E5B0E3914F04E23A3842945 /* License-for-SalesforceDesignSystemIcons.txt in Resources */ = {isa = PBXBuildFile; fileRef = 3E69811381C145568F0A425F /* License-for-SalesforceDesignSystemIcons.txt */; };
		319016D963754A0781ADBB03 /* SalesforceSans-Regular.ttf in Resources */ = {isa = PBXBuildFile; fileRef = 7D695F6FCD7649FF83058D42 /* SalesforceSans-Regular.ttf */; };
		44062F4DEE7B494EBEB88AB8 /* SalesforceSans-Bold.ttf in Resources */ = {isa = PBXBuildFile; fileRef = BAB7429758EC40B2A9370F52 /* SalesforceSans-Bold.ttf */; };
		4BFF499CB7CD47DBB6B504C1 /* SalesforceSans-Light.ttf in Resources */ = {isa = PBXBuildFile; fileRef = 05CED4EADC74493F93525DFF /* SalesforceSans-Light.ttf */; };
		4D731EBC19BCA84E1D6CA311 /* libPods-dreamhouse.a in Frameworks */ = {isa = PBXBuildFile; fileRef = 929399CA69BC7E91F5D447C3 /* libPods-dreamhouse.a */; };
		4F8D5EA31B6C0568005E64D4 /* main.m in Sources */ = {isa = PBXBuildFile; fileRef = 4F8D5EA21B6C0568005E64D4 /* main.m */; };
		4F8D5EA61B6C0568005E64D4 /* AppDelegate.m in Sources */ = {isa = PBXBuildFile; fileRef = 4F8D5EA51B6C0568005E64D4 /* AppDelegate.m */; };
		4F8D5EAE1B6C0568005E64D4 /* Images.xcassets in Resources */ = {isa = PBXBuildFile; fileRef = 4F8D5EAD1B6C0568005E64D4 /* Images.xcassets */; };
		4F8D5EC81B6C0F94005E64D4 /* InitialViewController.m in Sources */ = {isa = PBXBuildFile; fileRef = 4F8D5EC71B6C0F94005E64D4 /* InitialViewController.m */; };
		569E9FE499E54606A317B95E /* SalesforceDesignSystemIconsAction.ttf in Resources */ = {isa = PBXBuildFile; fileRef = B0224C7218E64D878376CA25 /* SalesforceDesignSystemIconsAction.ttf */; };
		5E6B89D5AA114FA98D6D96A8 /* SalesforceDesignSystemIconsStandard.ttf in Resources */ = {isa = PBXBuildFile; fileRef = 28EBFEB5239446C596705EEF /* SalesforceDesignSystemIconsStandard.ttf */; };
		81B3C34DD5994C36B98DF56A /* SalesforceDesignSystemIconsCustom.ttf in Resources */ = {isa = PBXBuildFile; fileRef = 3D9FA5C6EB9D4B9185D99A94 /* SalesforceDesignSystemIconsCustom.ttf */; };
		86B30DF90877446ABB7D35C1 /* libSalesforceBaseTheme.a in Frameworks */ = {isa = PBXBuildFile; fileRef = 4834ACB14DDD4B5A98AD0B47 /* libSalesforceBaseTheme.a */; };
		D04BA5FC320E4DA78AD7F8FF /* SalesforceDesignSystemIconsUtility.ttf in Resources */ = {isa = PBXBuildFile; fileRef = CAEB746FDDEF49409A049542 /* SalesforceDesignSystemIconsUtility.ttf */; };
		D7A06E4E8DC940F8A25B67E7 /* License-for-SalesforceSans-font.txt in Resources */ = {isa = PBXBuildFile; fileRef = BA61F15E91F34924B9890A35 /* License-for-SalesforceSans-font.txt */; };
		DB393C8BFFA84B3ABEB60CC9 /* libRNGeocoder.a in Frameworks */ = {isa = PBXBuildFile; fileRef = 0767B54680AE48039E3963D9 /* libRNGeocoder.a */; };
/* End PBXBuildFile section */

/* Begin PBXContainerItemProxy section */
		053932941D9D98840088DB99 /* PBXContainerItemProxy */ = {
			isa = PBXContainerItemProxy;
			containerPortal = 4822AD07879346C78EAD1660 /* RNGeocoder.xcodeproj */;
			proxyType = 2;
			remoteGlobalIDString = BF8FCF941BFFB184000FCD37;
			remoteInfo = RNGeocoder;
		};
		055113D41D000DD8000142B5 /* PBXContainerItemProxy */ = {
			isa = PBXContainerItemProxy;
			containerPortal = 116641095FE74BB0A4536A3D /* SalesforceBaseTheme.xcodeproj */;
			proxyType = 2;
			remoteGlobalIDString = 05E4E6EC1CBDF7BE00899BCA;
			remoteInfo = SalesforceBaseTheme;
		};
		29154D661DA30316005BACC5 /* PBXContainerItemProxy */ = {
			isa = PBXContainerItemProxy;
			containerPortal = 29154D621DA30316005BACC5 /* RCTTest.xcodeproj */;
			proxyType = 2;
			remoteGlobalIDString = 580C376F1AB104AF0015E709;
			remoteInfo = RCTTest;
		};
		29154D9A1DA31DD7005BACC5 /* PBXContainerItemProxy */ = {
			isa = PBXContainerItemProxy;
			containerPortal = 4F8D5E951B6C0568005E64D4 /* Project object */;
			proxyType = 1;
			remoteGlobalIDString = 4F8D5E9C1B6C0568005E64D4;
			remoteInfo = dreamhouse;
		};
/* End PBXContainerItemProxy section */

/* Begin PBXFileReference section */
		053932981D9DA13A0088DB99 /* MapKit.framework */ = {isa = PBXFileReference; lastKnownFileType = wrapper.framework; name = MapKit.framework; path = System/Library/Frameworks/MapKit.framework; sourceTree = SDKROOT; };
		05CED4EADC74493F93525DFF /* SalesforceSans-Light.ttf */ = {isa = PBXFileReference; explicitFileType = undefined; fileEncoding = 9; includeInIndex = 0; lastKnownFileType = unknown; name = "SalesforceSans-Light.ttf"; path = "node_modules/react.force.base.theme/Fonts/SalesforceSans-Light.ttf"; sourceTree = "<group>"; };
		05DF20A71CECD85D00D48CFC /* dreamhouse copy-Info.plist */ = {isa = PBXFileReference; lastKnownFileType = text.plist.xml; name = "dreamhouse copy-Info.plist"; path = "/Users/ibogdanov/msdkdev/dreamhouse/dreamhouse copy-Info.plist"; sourceTree = "<absolute>"; };
		05DF20AE1CECDC5C00D48CFC /* main.jsbundle */ = {isa = PBXFileReference; fileEncoding = 4; lastKnownFileType = text; path = main.jsbundle; sourceTree = "<group>"; };
		05F7BE301CF4014A00057E91 /* logo.png */ = {isa = PBXFileReference; lastKnownFileType = image.png; path = logo.png; sourceTree = "<group>"; };
		0767B54680AE48039E3963D9 /* libRNGeocoder.a */ = {isa = PBXFileReference; explicitFileType = undefined; fileEncoding = 9; includeInIndex = 0; lastKnownFileType = archive.ar; path = libRNGeocoder.a; sourceTree = "<group>"; };
		116641095FE74BB0A4536A3D /* SalesforceBaseTheme.xcodeproj */ = {isa = PBXFileReference; explicitFileType = undefined; fileEncoding = 9; includeInIndex = 0; lastKnownFileType = "wrapper.pb-project"; name = SalesforceBaseTheme.xcodeproj; path = node_modules/react.force.base.theme/ios/SalesforceBaseTheme/SalesforceBaseTheme.xcodeproj; sourceTree = "<group>"; };
		28EBFEB5239446C596705EEF /* SalesforceDesignSystemIconsStandard.ttf */ = {isa = PBXFileReference; explicitFileType = undefined; fileEncoding = 9; includeInIndex = 0; lastKnownFileType = unknown; name = SalesforceDesignSystemIconsStandard.ttf; path = node_modules/react.force.base.theme/Fonts/SalesforceDesignSystemIconsStandard.ttf; sourceTree = "<group>"; };
		29154D621DA30316005BACC5 /* RCTTest.xcodeproj */ = {isa = PBXFileReference; lastKnownFileType = "wrapper.pb-project"; name = RCTTest.xcodeproj; path = "node_modules/react-native/Libraries/RCTTest/RCTTest.xcodeproj"; sourceTree = "<group>"; };
		29154D7A1DA315E7005BACC5 /* libPods-dreamhouse.a */ = {isa = PBXFileReference; lastKnownFileType = archive.ar; name = "libPods-dreamhouse.a"; path = "../../Library/Developer/Xcode/DerivedData/dreamhouse-btlymfzhhfneavgjssoolkntqsjk/Build/Products/Debug-iphonesimulator/libPods-dreamhouse.a"; sourceTree = "<group>"; };
		29154D951DA31DD7005BACC5 /* dreamhouseSnapshotTests.xctest */ = {isa = PBXFileReference; explicitFileType = wrapper.cfbundle; includeInIndex = 0; path = dreamhouseSnapshotTests.xctest; sourceTree = BUILT_PRODUCTS_DIR; };
		29154D971DA31DD7005BACC5 /* dreamhouseSnapshotTests.m */ = {isa = PBXFileReference; lastKnownFileType = sourcecode.c.objc; path = dreamhouseSnapshotTests.m; sourceTree = "<group>"; };
		29154D991DA31DD7005BACC5 /* Info.plist */ = {isa = PBXFileReference; lastKnownFileType = text.plist.xml; path = Info.plist; sourceTree = "<group>"; };
		3D9FA5C6EB9D4B9185D99A94 /* SalesforceDesignSystemIconsCustom.ttf */ = {isa = PBXFileReference; explicitFileType = undefined; fileEncoding = 9; includeInIndex = 0; lastKnownFileType = unknown; name = SalesforceDesignSystemIconsCustom.ttf; path = node_modules/react.force.base.theme/Fonts/SalesforceDesignSystemIconsCustom.ttf; sourceTree = "<group>"; };
		3E69811381C145568F0A425F /* License-for-SalesforceDesignSystemIcons.txt */ = {isa = PBXFileReference; explicitFileType = undefined; fileEncoding = 9; includeInIndex = 0; lastKnownFileType = unknown; name = "License-for-SalesforceDesignSystemIcons.txt"; path = "node_modules/react.force.base.theme/Fonts/License-for-SalesforceDesignSystemIcons.txt"; sourceTree = "<group>"; };
		4822AD07879346C78EAD1660 /* RNGeocoder.xcodeproj */ = {isa = PBXFileReference; explicitFileType = undefined; fileEncoding = 9; includeInIndex = 0; lastKnownFileType = "wrapper.pb-project"; name = RNGeocoder.xcodeproj; path = "node_modules/react-native-geocoder/ios/RNGeocoder.xcodeproj"; sourceTree = "<group>"; };
		4834ACB14DDD4B5A98AD0B47 /* libSalesforceBaseTheme.a */ = {isa = PBXFileReference; explicitFileType = undefined; fileEncoding = 9; includeInIndex = 0; lastKnownFileType = archive.ar; path = libSalesforceBaseTheme.a; sourceTree = "<group>"; };
		4F8D5E9D1B6C0568005E64D4 /* dreamhouse.app */ = {isa = PBXFileReference; explicitFileType = wrapper.application; includeInIndex = 0; path = dreamhouse.app; sourceTree = BUILT_PRODUCTS_DIR; };
		4F8D5EA11B6C0568005E64D4 /* Info.plist */ = {isa = PBXFileReference; lastKnownFileType = text.plist.xml; path = Info.plist; sourceTree = "<group>"; };
		4F8D5EA21B6C0568005E64D4 /* main.m */ = {isa = PBXFileReference; lastKnownFileType = sourcecode.c.objc; path = main.m; sourceTree = "<group>"; };
		4F8D5EA41B6C0568005E64D4 /* AppDelegate.h */ = {isa = PBXFileReference; lastKnownFileType = sourcecode.c.h; path = AppDelegate.h; sourceTree = "<group>"; };
		4F8D5EA51B6C0568005E64D4 /* AppDelegate.m */ = {isa = PBXFileReference; lastKnownFileType = sourcecode.c.objc; path = AppDelegate.m; sourceTree = "<group>"; };
		4F8D5EAD1B6C0568005E64D4 /* Images.xcassets */ = {isa = PBXFileReference; lastKnownFileType = folder.assetcatalog; path = Images.xcassets; sourceTree = "<group>"; };
		4F8D5EC61B6C0F94005E64D4 /* InitialViewController.h */ = {isa = PBXFileReference; fileEncoding = 4; lastKnownFileType = sourcecode.c.h; path = InitialViewController.h; sourceTree = "<group>"; };
		4F8D5EC71B6C0F94005E64D4 /* InitialViewController.m */ = {isa = PBXFileReference; fileEncoding = 4; lastKnownFileType = sourcecode.c.objc; path = InitialViewController.m; sourceTree = "<group>"; };
		678414276D1D0B9F820879ED /* Pods-dreamhouse.release.xcconfig */ = {isa = PBXFileReference; includeInIndex = 1; lastKnownFileType = text.xcconfig; name = "Pods-dreamhouse.release.xcconfig"; path = "Pods/Target Support Files/Pods-dreamhouse/Pods-dreamhouse.release.xcconfig"; sourceTree = "<group>"; };
		79EC7C6332DA79B2368601F6 /* Pods-dreamhouse.debug.xcconfig */ = {isa = PBXFileReference; includeInIndex = 1; lastKnownFileType = text.xcconfig; name = "Pods-dreamhouse.debug.xcconfig"; path = "Pods/Target Support Files/Pods-dreamhouse/Pods-dreamhouse.debug.xcconfig"; sourceTree = "<group>"; };
		7D695F6FCD7649FF83058D42 /* SalesforceSans-Regular.ttf */ = {isa = PBXFileReference; explicitFileType = undefined; fileEncoding = 9; includeInIndex = 0; lastKnownFileType = unknown; name = "SalesforceSans-Regular.ttf"; path = "node_modules/react.force.base.theme/Fonts/SalesforceSans-Regular.ttf"; sourceTree = "<group>"; };
		929399CA69BC7E91F5D447C3 /* libPods-dreamhouse.a */ = {isa = PBXFileReference; explicitFileType = archive.ar; includeInIndex = 0; path = "libPods-dreamhouse.a"; sourceTree = BUILT_PRODUCTS_DIR; };
		B0224C7218E64D878376CA25 /* SalesforceDesignSystemIconsAction.ttf */ = {isa = PBXFileReference; explicitFileType = undefined; fileEncoding = 9; includeInIndex = 0; lastKnownFileType = unknown; name = SalesforceDesignSystemIconsAction.ttf; path = node_modules/react.force.base.theme/Fonts/SalesforceDesignSystemIconsAction.ttf; sourceTree = "<group>"; };
		BA61F15E91F34924B9890A35 /* License-for-SalesforceSans-font.txt */ = {isa = PBXFileReference; explicitFileType = undefined; fileEncoding = 9; includeInIndex = 0; lastKnownFileType = unknown; name = "License-for-SalesforceSans-font.txt"; path = "node_modules/react.force.base.theme/Fonts/License-for-SalesforceSans-font.txt"; sourceTree = "<group>"; };
		BAB7429758EC40B2A9370F52 /* SalesforceSans-Bold.ttf */ = {isa = PBXFileReference; explicitFileType = undefined; fileEncoding = 9; includeInIndex = 0; lastKnownFileType = unknown; name = "SalesforceSans-Bold.ttf"; path = "node_modules/react.force.base.theme/Fonts/SalesforceSans-Bold.ttf"; sourceTree = "<group>"; };
		CAEB746FDDEF49409A049542 /* SalesforceDesignSystemIconsUtility.ttf */ = {isa = PBXFileReference; explicitFileType = undefined; fileEncoding = 9; includeInIndex = 0; lastKnownFileType = unknown; name = SalesforceDesignSystemIconsUtility.ttf; path = node_modules/react.force.base.theme/Fonts/SalesforceDesignSystemIconsUtility.ttf; sourceTree = "<group>"; };
		CCAC43490173696ADC151ECF /* libPods-dreamhouse copy.a */ = {isa = PBXFileReference; explicitFileType = archive.ar; includeInIndex = 0; path = "libPods-dreamhouse copy.a"; sourceTree = BUILT_PRODUCTS_DIR; };
		D4D13E14C47EDC6088B0EF86 /* Pods-dreamhouse copy.release.xcconfig */ = {isa = PBXFileReference; includeInIndex = 1; lastKnownFileType = text.xcconfig; name = "Pods-dreamhouse copy.release.xcconfig"; path = "Pods/Target Support Files/Pods-dreamhouse copy/Pods-dreamhouse copy.release.xcconfig"; sourceTree = "<group>"; };
		DDB30F191AB296F521A80414 /* Pods-dreamhouse copy.debug.xcconfig */ = {isa = PBXFileReference; includeInIndex = 1; lastKnownFileType = text.xcconfig; name = "Pods-dreamhouse copy.debug.xcconfig"; path = "Pods/Target Support Files/Pods-dreamhouse copy/Pods-dreamhouse copy.debug.xcconfig"; sourceTree = "<group>"; };
/* End PBXFileReference section */

/* Begin PBXFrameworksBuildPhase section */
		29154D921DA31DD7005BACC5 /* Frameworks */ = {
			isa = PBXFrameworksBuildPhase;
			buildActionMask = 2147483647;
			files = (
			);
			runOnlyForDeploymentPostprocessing = 0;
		};
		4F8D5E9A1B6C0568005E64D4 /* Frameworks */ = {
			isa = PBXFrameworksBuildPhase;
			buildActionMask = 2147483647;
			files = (
				29154DA01DA3299A005BACC5 /* libRCTTest.a in Frameworks */,
				86B30DF90877446ABB7D35C1 /* libSalesforceBaseTheme.a in Frameworks */,
				4D731EBC19BCA84E1D6CA311 /* libPods-dreamhouse.a in Frameworks */,
				053932991D9DA13A0088DB99 /* MapKit.framework in Frameworks */,
				DB393C8BFFA84B3ABEB60CC9 /* libRNGeocoder.a in Frameworks */,
			);
			runOnlyForDeploymentPostprocessing = 0;
		};
/* End PBXFrameworksBuildPhase section */

/* Begin PBXGroup section */
		053932911D9D98840088DB99 /* Products */ = {
			isa = PBXGroup;
			children = (
				053932951D9D98840088DB99 /* libRNGeocoder.a */,
			);
			name = Products;
			sourceTree = "<group>";
		};
		055113D11D000DD8000142B5 /* Products */ = {
			isa = PBXGroup;
			children = (
				055113D51D000DD8000142B5 /* libSalesforceBaseTheme.a */,
			);
			name = Products;
			sourceTree = "<group>";
		};
		05F7BE2F1CF4014A00057E91 /* assets */ = {
			isa = PBXGroup;
			children = (
				05F7BE301CF4014A00057E91 /* logo.png */,
			);
			path = assets;
			sourceTree = "<group>";
		};
		29154D631DA30316005BACC5 /* Products */ = {
			isa = PBXGroup;
			children = (
				29154D671DA30316005BACC5 /* libRCTTest.a */,
			);
			name = Products;
			sourceTree = "<group>";
		};
		29154D961DA31DD7005BACC5 /* dreamhouseSnapshotTests */ = {
			isa = PBXGroup;
			children = (
				29154D971DA31DD7005BACC5 /* dreamhouseSnapshotTests.m */,
				29154D991DA31DD7005BACC5 /* Info.plist */,
			);
			path = dreamhouseSnapshotTests;
			sourceTree = "<group>";
		};
		4F8D5E941B6C0568005E64D4 = {
			isa = PBXGroup;
			children = (
				05DF20AE1CECDC5C00D48CFC /* main.jsbundle */,
				4F8D5E9F1B6C0568005E64D4 /* dreamhouse */,
				29154D961DA31DD7005BACC5 /* dreamhouseSnapshotTests */,
				4F8D5E9E1B6C0568005E64D4 /* Products */,
				746047FD40DE4DEF81D36853 /* Libraries */,
				799288BF02274A06900D14E7 /* Resources */,
				05DF20A71CECD85D00D48CFC /* dreamhouse copy-Info.plist */,
				AC6CE69D86AE0CAAA05B3965 /* Pods */,
				D9A7B1696EA221A51AB2D138 /* Frameworks */,
			);
			sourceTree = "<group>";
		};
		4F8D5E9E1B6C0568005E64D4 /* Products */ = {
			isa = PBXGroup;
			children = (
				4F8D5E9D1B6C0568005E64D4 /* dreamhouse.app */,
				29154D951DA31DD7005BACC5 /* dreamhouseSnapshotTests.xctest */,
			);
			name = Products;
			sourceTree = "<group>";
		};
		4F8D5E9F1B6C0568005E64D4 /* dreamhouse */ = {
			isa = PBXGroup;
			children = (
				4F8D5ECC1B6C1021005E64D4 /* Classes */,
				4F8D5EA01B6C0568005E64D4 /* Supporting Files */,
			);
			path = dreamhouse;
			sourceTree = "<group>";
		};
		4F8D5EA01B6C0568005E64D4 /* Supporting Files */ = {
			isa = PBXGroup;
			children = (
				4F8D5EAD1B6C0568005E64D4 /* Images.xcassets */,
				4F8D5EA11B6C0568005E64D4 /* Info.plist */,
				4F8D5EA21B6C0568005E64D4 /* main.m */,
			);
			name = "Supporting Files";
			sourceTree = "<group>";
		};
		4F8D5ECC1B6C1021005E64D4 /* Classes */ = {
			isa = PBXGroup;
			children = (
				4F8D5EC61B6C0F94005E64D4 /* InitialViewController.h */,
				4F8D5EC71B6C0F94005E64D4 /* InitialViewController.m */,
				4F8D5EA41B6C0568005E64D4 /* AppDelegate.h */,
				4F8D5EA51B6C0568005E64D4 /* AppDelegate.m */,
			);
			name = Classes;
			sourceTree = "<group>";
		};
		746047FD40DE4DEF81D36853 /* Libraries */ = {
			isa = PBXGroup;
			children = (
				29154D621DA30316005BACC5 /* RCTTest.xcodeproj */,
				116641095FE74BB0A4536A3D /* SalesforceBaseTheme.xcodeproj */,
				4822AD07879346C78EAD1660 /* RNGeocoder.xcodeproj */,
			);
			name = Libraries;
			sourceTree = "<group>";
		};
		799288BF02274A06900D14E7 /* Resources */ = {
			isa = PBXGroup;
			children = (
				05F7BE2F1CF4014A00057E91 /* assets */,
				B0224C7218E64D878376CA25 /* SalesforceDesignSystemIconsAction.ttf */,
				3D9FA5C6EB9D4B9185D99A94 /* SalesforceDesignSystemIconsCustom.ttf */,
				28EBFEB5239446C596705EEF /* SalesforceDesignSystemIconsStandard.ttf */,
				CAEB746FDDEF49409A049542 /* SalesforceDesignSystemIconsUtility.ttf */,
				BAB7429758EC40B2A9370F52 /* SalesforceSans-Bold.ttf */,
				05CED4EADC74493F93525DFF /* SalesforceSans-Light.ttf */,
				7D695F6FCD7649FF83058D42 /* SalesforceSans-Regular.ttf */,
				3E69811381C145568F0A425F /* License-for-SalesforceDesignSystemIcons.txt */,
				BA61F15E91F34924B9890A35 /* License-for-SalesforceSans-font.txt */,
			);
			name = Resources;
			sourceTree = "<group>";
		};
		AC6CE69D86AE0CAAA05B3965 /* Pods */ = {
			isa = PBXGroup;
			children = (
				79EC7C6332DA79B2368601F6 /* Pods-dreamhouse.debug.xcconfig */,
				678414276D1D0B9F820879ED /* Pods-dreamhouse.release.xcconfig */,
				DDB30F191AB296F521A80414 /* Pods-dreamhouse copy.debug.xcconfig */,
				D4D13E14C47EDC6088B0EF86 /* Pods-dreamhouse copy.release.xcconfig */,
			);
			name = Pods;
			sourceTree = "<group>";
		};
		D9A7B1696EA221A51AB2D138 /* Frameworks */ = {
			isa = PBXGroup;
			children = (
				29154D7A1DA315E7005BACC5 /* libPods-dreamhouse.a */,
				053932981D9DA13A0088DB99 /* MapKit.framework */,
				929399CA69BC7E91F5D447C3 /* libPods-dreamhouse.a */,
				CCAC43490173696ADC151ECF /* libPods-dreamhouse copy.a */,
			);
			name = Frameworks;
			sourceTree = "<group>";
		};
/* End PBXGroup section */

/* Begin PBXNativeTarget section */
		29154D941DA31DD7005BACC5 /* dreamhouseSnapshotTests */ = {
			isa = PBXNativeTarget;
			buildConfigurationList = 29154D9C1DA31DD7005BACC5 /* Build configuration list for PBXNativeTarget "dreamhouseSnapshotTests" */;
			buildPhases = (
				29154D911DA31DD7005BACC5 /* Sources */,
				29154D921DA31DD7005BACC5 /* Frameworks */,
				29154D931DA31DD7005BACC5 /* Resources */,
			);
			buildRules = (
			);
			dependencies = (
				29154D9B1DA31DD7005BACC5 /* PBXTargetDependency */,
			);
			name = dreamhouseSnapshotTests;
			productName = dreamhouseSnapshotTests;
			productReference = 29154D951DA31DD7005BACC5 /* dreamhouseSnapshotTests.xctest */;
			productType = "com.apple.product-type.bundle.unit-test";
		};
		4F8D5E9C1B6C0568005E64D4 /* dreamhouse */ = {
			isa = PBXNativeTarget;
			buildConfigurationList = 4F8D5EC01B6C0568005E64D4 /* Build configuration list for PBXNativeTarget "dreamhouse" */;
			buildPhases = (
				772B3DD937B7B36DFA9C8AFD /* 📦 Check Pods Manifest.lock */,
				EB3DFA570DCEE9CB81DA4012 /* [CP] Check Pods Manifest.lock */,
				05416DF21D0152B000516F58 /* ShellScript */,
				4F8D5E991B6C0568005E64D4 /* Sources */,
				4F8D5E9A1B6C0568005E64D4 /* Frameworks */,
				4F8D5E9B1B6C0568005E64D4 /* Resources */,
				EDA7F37187643E7CBA4DD29E /* [CP] Embed Pods Frameworks */,
				0FA5100F29A2F7B95253BD06 /* [CP] Copy Pods Resources */,
				C912798807E391418183508D /* 📦 Embed Pods Frameworks */,
				AC78EAABFD1BA685D459D6E6 /* 📦 Copy Pods Resources */,
			);
			buildRules = (
			);
			dependencies = (
			);
			name = dreamhouse;
			productName = dreamhouse;
			productReference = 4F8D5E9D1B6C0568005E64D4 /* dreamhouse.app */;
			productType = "com.apple.product-type.application";
		};
/* End PBXNativeTarget section */

/* Begin PBXProject section */
		4F8D5E951B6C0568005E64D4 /* Project object */ = {
			isa = PBXProject;
			attributes = {
				LastUpgradeCheck = 710;
				ORGANIZATIONNAME = Salesforce;
				TargetAttributes = {
					29154D941DA31DD7005BACC5 = {
						CreatedOnToolsVersion = 7.3.1;
						TestTargetID = 4F8D5E9C1B6C0568005E64D4;
					};
					4F8D5E9C1B6C0568005E64D4 = {
						CreatedOnToolsVersion = 6.4;
						DevelopmentTeam = B47QPRK3YN;
						SystemCapabilities = {
							com.apple.Maps.iOS = {
								enabled = 1;
							};
						};
					};
				};
			};
			buildConfigurationList = 4F8D5E981B6C0568005E64D4 /* Build configuration list for PBXProject "dreamhouse" */;
			compatibilityVersion = "Xcode 6.3";
			developmentRegion = English;
			hasScannedForEncodings = 0;
			knownRegions = (
				en,
				Base,
			);
			mainGroup = 4F8D5E941B6C0568005E64D4;
			productRefGroup = 4F8D5E9E1B6C0568005E64D4 /* Products */;
			projectDirPath = "";
			projectReferences = (
				{
					ProductGroup = 29154D631DA30316005BACC5 /* Products */;
					ProjectRef = 29154D621DA30316005BACC5 /* RCTTest.xcodeproj */;
				},
				{
					ProductGroup = 053932911D9D98840088DB99 /* Products */;
					ProjectRef = 4822AD07879346C78EAD1660 /* RNGeocoder.xcodeproj */;
				},
				{
					ProductGroup = 055113D11D000DD8000142B5 /* Products */;
					ProjectRef = 116641095FE74BB0A4536A3D /* SalesforceBaseTheme.xcodeproj */;
				},
			);
			projectRoot = "";
			targets = (
				4F8D5E9C1B6C0568005E64D4 /* dreamhouse */,
				29154D941DA31DD7005BACC5 /* dreamhouseSnapshotTests */,
			);
		};
/* End PBXProject section */

/* Begin PBXReferenceProxy section */
		053932951D9D98840088DB99 /* libRNGeocoder.a */ = {
			isa = PBXReferenceProxy;
			fileType = archive.ar;
			path = libRNGeocoder.a;
			remoteRef = 053932941D9D98840088DB99 /* PBXContainerItemProxy */;
			sourceTree = BUILT_PRODUCTS_DIR;
		};
		055113D51D000DD8000142B5 /* libSalesforceBaseTheme.a */ = {
			isa = PBXReferenceProxy;
			fileType = archive.ar;
			path = libSalesforceBaseTheme.a;
			remoteRef = 055113D41D000DD8000142B5 /* PBXContainerItemProxy */;
			sourceTree = BUILT_PRODUCTS_DIR;
		};
		29154D671DA30316005BACC5 /* libRCTTest.a */ = {
			isa = PBXReferenceProxy;
			fileType = archive.ar;
			path = libRCTTest.a;
			remoteRef = 29154D661DA30316005BACC5 /* PBXContainerItemProxy */;
			sourceTree = BUILT_PRODUCTS_DIR;
		};
/* End PBXReferenceProxy section */

/* Begin PBXResourcesBuildPhase section */
		29154D931DA31DD7005BACC5 /* Resources */ = {
			isa = PBXResourcesBuildPhase;
			buildActionMask = 2147483647;
			files = (
			);
			runOnlyForDeploymentPostprocessing = 0;
		};
		4F8D5E9B1B6C0568005E64D4 /* Resources */ = {
			isa = PBXResourcesBuildPhase;
			buildActionMask = 2147483647;
			files = (
				4F8D5EAE1B6C0568005E64D4 /* Images.xcassets in Resources */,
				05DF20AF1CECDC5C00D48CFC /* main.jsbundle in Resources */,
				05F7BE311CF4014A00057E91 /* logo.png in Resources */,
				569E9FE499E54606A317B95E /* SalesforceDesignSystemIconsAction.ttf in Resources */,
				81B3C34DD5994C36B98DF56A /* SalesforceDesignSystemIconsCustom.ttf in Resources */,
				5E6B89D5AA114FA98D6D96A8 /* SalesforceDesignSystemIconsStandard.ttf in Resources */,
				D04BA5FC320E4DA78AD7F8FF /* SalesforceDesignSystemIconsUtility.ttf in Resources */,
				44062F4DEE7B494EBEB88AB8 /* SalesforceSans-Bold.ttf in Resources */,
				4BFF499CB7CD47DBB6B504C1 /* SalesforceSans-Light.ttf in Resources */,
				319016D963754A0781ADBB03 /* SalesforceSans-Regular.ttf in Resources */,
				2E5B0E3914F04E23A3842945 /* License-for-SalesforceDesignSystemIcons.txt in Resources */,
				D7A06E4E8DC940F8A25B67E7 /* License-for-SalesforceSans-font.txt in Resources */,
			);
			runOnlyForDeploymentPostprocessing = 0;
		};
/* End PBXResourcesBuildPhase section */

/* Begin PBXShellScriptBuildPhase section */
		05416DF21D0152B000516F58 /* ShellScript */ = {
			isa = PBXShellScriptBuildPhase;
			buildActionMask = 2147483647;
			files = (
			);
			inputPaths = (
			);
			outputPaths = (
			);
			runOnlyForDeploymentPostprocessing = 0;
			shellPath = /bin/sh;
			shellScript = "curl http://localhost:8081/index.ios.bundle?dev=false -o main.jsbundle";
		};
		0FA5100F29A2F7B95253BD06 /* [CP] Copy Pods Resources */ = {
			isa = PBXShellScriptBuildPhase;
			buildActionMask = 2147483647;
			files = (
			);
			inputPaths = (
			);
			name = "[CP] Copy Pods Resources";
			outputPaths = (
			);
			runOnlyForDeploymentPostprocessing = 0;
			shellPath = /bin/sh;
			shellScript = "\"${SRCROOT}/Pods/Target Support Files/Pods-dreamhouse/Pods-dreamhouse-resources.sh\"\n";
			showEnvVarsInLog = 0;
		};
		772B3DD937B7B36DFA9C8AFD /* 📦 Check Pods Manifest.lock */ = {
			isa = PBXShellScriptBuildPhase;
			buildActionMask = 2147483647;
			files = (
			);
			inputPaths = (
			);
			name = "📦 Check Pods Manifest.lock";
			outputPaths = (
			);
			runOnlyForDeploymentPostprocessing = 0;
			shellPath = /bin/sh;
			shellScript = "diff \"${PODS_ROOT}/../Podfile.lock\" \"${PODS_ROOT}/Manifest.lock\" > /dev/null\nif [[ $? != 0 ]] ; then\n    cat << EOM\nerror: The sandbox is not in sync with the Podfile.lock. Run 'pod install' or update your CocoaPods installation.\nEOM\n    exit 1\nfi\n";
			showEnvVarsInLog = 0;
		};
		AC78EAABFD1BA685D459D6E6 /* 📦 Copy Pods Resources */ = {
			isa = PBXShellScriptBuildPhase;
			buildActionMask = 2147483647;
			files = (
			);
			inputPaths = (
			);
			name = "📦 Copy Pods Resources";
			outputPaths = (
			);
			runOnlyForDeploymentPostprocessing = 0;
			shellPath = /bin/sh;
			shellScript = "\"${SRCROOT}/Pods/Target Support Files/Pods-dreamhouse/Pods-dreamhouse-resources.sh\"\n";
			showEnvVarsInLog = 0;
		};
		C912798807E391418183508D /* 📦 Embed Pods Frameworks */ = {
			isa = PBXShellScriptBuildPhase;
			buildActionMask = 2147483647;
			files = (
			);
			inputPaths = (
			);
			name = "📦 Embed Pods Frameworks";
			outputPaths = (
			);
			runOnlyForDeploymentPostprocessing = 0;
			shellPath = /bin/sh;
			shellScript = "\"${SRCROOT}/Pods/Target Support Files/Pods-dreamhouse/Pods-dreamhouse-frameworks.sh\"\n";
			showEnvVarsInLog = 0;
		};
		EB3DFA570DCEE9CB81DA4012 /* [CP] Check Pods Manifest.lock */ = {
			isa = PBXShellScriptBuildPhase;
			buildActionMask = 2147483647;
			files = (
			);
			inputPaths = (
			);
			name = "[CP] Check Pods Manifest.lock";
			outputPaths = (
			);
			runOnlyForDeploymentPostprocessing = 0;
			shellPath = /bin/sh;
			shellScript = "diff \"${PODS_ROOT}/../Podfile.lock\" \"${PODS_ROOT}/Manifest.lock\" > /dev/null\nif [[ $? != 0 ]] ; then\n    cat << EOM\nerror: The sandbox is not in sync with the Podfile.lock. Run 'pod install' or update your CocoaPods installation.\nEOM\n    exit 1\nfi\n";
			showEnvVarsInLog = 0;
		};
		EDA7F37187643E7CBA4DD29E /* [CP] Embed Pods Frameworks */ = {
			isa = PBXShellScriptBuildPhase;
			buildActionMask = 2147483647;
			files = (
			);
			inputPaths = (
			);
			name = "[CP] Embed Pods Frameworks";
			outputPaths = (
			);
			runOnlyForDeploymentPostprocessing = 0;
			shellPath = /bin/sh;
			shellScript = "\"${SRCROOT}/Pods/Target Support Files/Pods-dreamhouse/Pods-dreamhouse-frameworks.sh\"\n";
			showEnvVarsInLog = 0;
		};
/* End PBXShellScriptBuildPhase section */

/* Begin PBXSourcesBuildPhase section */
		29154D911DA31DD7005BACC5 /* Sources */ = {
			isa = PBXSourcesBuildPhase;
			buildActionMask = 2147483647;
			files = (
				29154D981DA31DD7005BACC5 /* dreamhouseSnapshotTests.m in Sources */,
			);
			runOnlyForDeploymentPostprocessing = 0;
		};
		4F8D5E991B6C0568005E64D4 /* Sources */ = {
			isa = PBXSourcesBuildPhase;
			buildActionMask = 2147483647;
			files = (
				4F8D5EA61B6C0568005E64D4 /* AppDelegate.m in Sources */,
				4F8D5EA31B6C0568005E64D4 /* main.m in Sources */,
				4F8D5EC81B6C0F94005E64D4 /* InitialViewController.m in Sources */,
			);
			runOnlyForDeploymentPostprocessing = 0;
		};
/* End PBXSourcesBuildPhase section */

/* Begin PBXTargetDependency section */
		29154D9B1DA31DD7005BACC5 /* PBXTargetDependency */ = {
			isa = PBXTargetDependency;
			target = 4F8D5E9C1B6C0568005E64D4 /* dreamhouse */;
			targetProxy = 29154D9A1DA31DD7005BACC5 /* PBXContainerItemProxy */;
		};
/* End PBXTargetDependency section */

/* Begin XCBuildConfiguration section */
		29154D9D1DA31DD7005BACC5 /* Debug */ = {
			isa = XCBuildConfiguration;
			buildSettings = {
				BUNDLE_LOADER = "$(TEST_HOST)";
				CLANG_ANALYZER_NONNULL = YES;
				DEBUG_INFORMATION_FORMAT = dwarf;
				GCC_PREPROCESSOR_DEFINITIONS = (
					"$(inherited)",
					"FB_REFERENCE_IMAGE_DIR=\"\\\"$(SOURCE_ROOT)/$(TARGET_NAME)/SnapshotRefImages\\\"\"",
				);
				HEADER_SEARCH_PATHS = "$(SRCROOT)/node_modules/react-native/Libraries";
				INFOPLIST_FILE = dreamhouseSnapshotTests/Info.plist;
				IPHONEOS_DEPLOYMENT_TARGET = 9.3;
				LD_RUNPATH_SEARCH_PATHS = "$(inherited) @executable_path/Frameworks @loader_path/Frameworks";
				OTHER_LDFLAGS = (
					"-lc++",
					"-Objc",
				);
				PRODUCT_BUNDLE_IDENTIFIER = Salesforce.dreamhouseSnapshotTests;
				PRODUCT_NAME = "$(TARGET_NAME)";
				TEST_HOST = "$(BUILT_PRODUCTS_DIR)/dreamhouse.app/dreamhouse";
			};
			name = Debug;
		};
		29154D9E1DA31DD7005BACC5 /* Release */ = {
			isa = XCBuildConfiguration;
			buildSettings = {
				BUNDLE_LOADER = "$(TEST_HOST)";
				CLANG_ANALYZER_NONNULL = YES;
				HEADER_SEARCH_PATHS = "$(SRCROOT)/node_modules/react-native/Libraries";
				INFOPLIST_FILE = dreamhouseSnapshotTests/Info.plist;
				IPHONEOS_DEPLOYMENT_TARGET = 9.3;
				LD_RUNPATH_SEARCH_PATHS = "$(inherited) @executable_path/Frameworks @loader_path/Frameworks";
				OTHER_LDFLAGS = (
					"-lc++",
					"-Objc",
				);
				PRODUCT_BUNDLE_IDENTIFIER = Salesforce.dreamhouseSnapshotTests;
				PRODUCT_NAME = "$(TARGET_NAME)";
				TEST_HOST = "$(BUILT_PRODUCTS_DIR)/dreamhouse.app/dreamhouse";
			};
			name = Release;
		};
		4F8D5EBE1B6C0568005E64D4 /* Debug */ = {
			isa = XCBuildConfiguration;
			buildSettings = {
				ALWAYS_SEARCH_USER_PATHS = NO;
				CLANG_CXX_LANGUAGE_STANDARD = "gnu++0x";
				CLANG_CXX_LIBRARY = "libc++";
				CLANG_ENABLE_MODULES = YES;
				CLANG_ENABLE_OBJC_ARC = YES;
				CLANG_WARN_BOOL_CONVERSION = YES;
				CLANG_WARN_CONSTANT_CONVERSION = YES;
				CLANG_WARN_DIRECT_OBJC_ISA_USAGE = YES_ERROR;
				CLANG_WARN_EMPTY_BODY = YES;
				CLANG_WARN_ENUM_CONVERSION = YES;
				CLANG_WARN_INT_CONVERSION = YES;
				CLANG_WARN_OBJC_ROOT_CLASS = YES_ERROR;
				CLANG_WARN_UNREACHABLE_CODE = YES;
				CLANG_WARN__DUPLICATE_METHOD_MATCH = YES;
				"CODE_SIGN_IDENTITY[sdk=iphoneos*]" = "iPhone Developer";
				COPY_PHASE_STRIP = NO;
				DEBUG_INFORMATION_FORMAT = "dwarf-with-dsym";
				ENABLE_STRICT_OBJC_MSGSEND = YES;
				ENABLE_TESTABILITY = YES;
				GCC_C_LANGUAGE_STANDARD = gnu99;
				GCC_DYNAMIC_NO_PIC = NO;
				GCC_NO_COMMON_BLOCKS = YES;
				GCC_OPTIMIZATION_LEVEL = 0;
				GCC_PREPROCESSOR_DEFINITIONS = (
					"DEBUG=1",
					"$(inherited)",
				);
				GCC_SYMBOLS_PRIVATE_EXTERN = NO;
				GCC_WARN_64_TO_32_BIT_CONVERSION = YES;
				GCC_WARN_ABOUT_RETURN_TYPE = YES_ERROR;
				GCC_WARN_UNDECLARED_SELECTOR = YES;
				GCC_WARN_UNINITIALIZED_AUTOS = YES_AGGRESSIVE;
				GCC_WARN_UNUSED_FUNCTION = YES;
				GCC_WARN_UNUSED_VARIABLE = YES;
				IPHONEOS_DEPLOYMENT_TARGET = 8.4;
				MTL_ENABLE_DEBUG_INFO = YES;
				ONLY_ACTIVE_ARCH = YES;
				SDKROOT = iphoneos;
				TARGETED_DEVICE_FAMILY = "1,2";
			};
			name = Debug;
		};
		4F8D5EBF1B6C0568005E64D4 /* Release */ = {
			isa = XCBuildConfiguration;
			buildSettings = {
				ALWAYS_SEARCH_USER_PATHS = NO;
				CLANG_CXX_LANGUAGE_STANDARD = "gnu++0x";
				CLANG_CXX_LIBRARY = "libc++";
				CLANG_ENABLE_MODULES = YES;
				CLANG_ENABLE_OBJC_ARC = YES;
				CLANG_WARN_BOOL_CONVERSION = YES;
				CLANG_WARN_CONSTANT_CONVERSION = YES;
				CLANG_WARN_DIRECT_OBJC_ISA_USAGE = YES_ERROR;
				CLANG_WARN_EMPTY_BODY = YES;
				CLANG_WARN_ENUM_CONVERSION = YES;
				CLANG_WARN_INT_CONVERSION = YES;
				CLANG_WARN_OBJC_ROOT_CLASS = YES_ERROR;
				CLANG_WARN_UNREACHABLE_CODE = YES;
				CLANG_WARN__DUPLICATE_METHOD_MATCH = YES;
				"CODE_SIGN_IDENTITY[sdk=iphoneos*]" = "iPhone Developer";
				COPY_PHASE_STRIP = NO;
				DEBUG_INFORMATION_FORMAT = "dwarf-with-dsym";
				ENABLE_NS_ASSERTIONS = NO;
				ENABLE_STRICT_OBJC_MSGSEND = YES;
				GCC_C_LANGUAGE_STANDARD = gnu99;
				GCC_NO_COMMON_BLOCKS = YES;
				GCC_WARN_64_TO_32_BIT_CONVERSION = YES;
				GCC_WARN_ABOUT_RETURN_TYPE = YES_ERROR;
				GCC_WARN_UNDECLARED_SELECTOR = YES;
				GCC_WARN_UNINITIALIZED_AUTOS = YES_AGGRESSIVE;
				GCC_WARN_UNUSED_FUNCTION = YES;
				GCC_WARN_UNUSED_VARIABLE = YES;
				IPHONEOS_DEPLOYMENT_TARGET = 8.4;
				MTL_ENABLE_DEBUG_INFO = NO;
				SDKROOT = iphoneos;
				TARGETED_DEVICE_FAMILY = "1,2";
				VALIDATE_PRODUCT = YES;
			};
			name = Release;
		};
		4F8D5EC11B6C0568005E64D4 /* Debug */ = {
			isa = XCBuildConfiguration;
			baseConfigurationReference = 79EC7C6332DA79B2368601F6 /* Pods-dreamhouse.debug.xcconfig */;
			buildSettings = {
				ASSETCATALOG_COMPILER_APPICON_NAME = AppIcon;
				ASSETCATALOG_COMPILER_LAUNCHIMAGE_NAME = LaunchImage;
				DEVELOPMENT_TEAM = B47QPRK3YN;
				GCC_PREPROCESSOR_DEFINITIONS = (
					"$(inherited)",
					"COCOAPODS=1",
					"$(inherited)",
					"SQLITE_HAS_CODEC=1",
				);
				INFOPLIST_FILE = dreamhouse/Info.plist;
				IPHONEOS_DEPLOYMENT_TARGET = 9.3;
				LD_RUNPATH_SEARCH_PATHS = "$(inherited) @executable_path/Frameworks";
				LIBRARY_SEARCH_PATHS = (
					"$(inherited)",
					"\"$(SRCROOT)/$(TARGET_NAME)\"",
					"\"$(SRCROOT)/$(TARGET_NAME)\"",
				);
				OTHER_LDFLAGS = (
					"$(inherited)",
					"-ObjC",
					"-l\"CocoaLumberjack\"",
					"-l\"React\"",
					"-l\"SQLCipher\"",
					"-l\"SalesforceNetwork\"",
					"-l\"SalesforceReact\"",
					"-l\"SalesforceRestAPI\"",
					"-l\"SalesforceSDKCore\"",
					"-l\"SmartStore\"",
					"-l\"SmartSync\"",
					"-l\"stdc++\"",
					"-l\"z\"",
					"-framework",
					"\"Foundation\"",
					"-framework",
					"\"JavaScriptCore\"",
					"-framework",
					"\"MobileCoreServices\"",
					"-framework",
					"\"Security\"",
					"-lc++",
				);
				PRODUCT_BUNDLE_IDENTIFIER = com.salesforce.msdk.dreamhouse.kapil;
				PRODUCT_NAME = "$(TARGET_NAME)";
			};
			name = Debug;
		};
		4F8D5EC21B6C0568005E64D4 /* Release */ = {
			isa = XCBuildConfiguration;
			baseConfigurationReference = 678414276D1D0B9F820879ED /* Pods-dreamhouse.release.xcconfig */;
			buildSettings = {
				ASSETCATALOG_COMPILER_APPICON_NAME = AppIcon;
				ASSETCATALOG_COMPILER_LAUNCHIMAGE_NAME = LaunchImage;
				DEVELOPMENT_TEAM = B47QPRK3YN;
				INFOPLIST_FILE = dreamhouse/Info.plist;
				IPHONEOS_DEPLOYMENT_TARGET = 9.3;
				LD_RUNPATH_SEARCH_PATHS = "$(inherited) @executable_path/Frameworks";
				LIBRARY_SEARCH_PATHS = (
					"$(inherited)",
					"\"$(SRCROOT)/$(TARGET_NAME)\"",
					"\"$(SRCROOT)/$(TARGET_NAME)\"",
				);
				OTHER_LDFLAGS = (
					"$(inherited)",
					"-ObjC",
					"-l\"CocoaLumberjack\"",
					"-l\"React\"",
					"-l\"SQLCipher\"",
					"-l\"SalesforceNetwork\"",
					"-l\"SalesforceReact\"",
					"-l\"SalesforceRestAPI\"",
					"-l\"SalesforceSDKCore\"",
					"-l\"SmartStore\"",
					"-l\"SmartSync\"",
					"-l\"stdc++\"",
					"-l\"z\"",
					"-framework",
					"\"Foundation\"",
					"-framework",
					"\"JavaScriptCore\"",
					"-framework",
					"\"MobileCoreServices\"",
					"-framework",
					"\"Security\"",
					"-lc++",
				);
				PRODUCT_BUNDLE_IDENTIFIER = com.salesforce.msdk.dreamhouse.kapil;
				PRODUCT_NAME = "$(TARGET_NAME)";
			};
			name = Release;
		};
/* End XCBuildConfiguration section */

/* Begin XCConfigurationList section */
		29154D9C1DA31DD7005BACC5 /* Build configuration list for PBXNativeTarget "dreamhouseSnapshotTests" */ = {
			isa = XCConfigurationList;
			buildConfigurations = (
				29154D9D1DA31DD7005BACC5 /* Debug */,
				29154D9E1DA31DD7005BACC5 /* Release */,
			);
			defaultConfigurationIsVisible = 0;
			defaultConfigurationName = Release;
		};
		4F8D5E981B6C0568005E64D4 /* Build configuration list for PBXProject "dreamhouse" */ = {
			isa = XCConfigurationList;
			buildConfigurations = (
				4F8D5EBE1B6C0568005E64D4 /* Debug */,
				4F8D5EBF1B6C0568005E64D4 /* Release */,
			);
			defaultConfigurationIsVisible = 0;
			defaultConfigurationName = Release;
		};
		4F8D5EC01B6C0568005E64D4 /* Build configuration list for PBXNativeTarget "dreamhouse" */ = {
			isa = XCConfigurationList;
			buildConfigurations = (
				4F8D5EC11B6C0568005E64D4 /* Debug */,
				4F8D5EC21B6C0568005E64D4 /* Release */,
			);
			defaultConfigurationIsVisible = 0;
			defaultConfigurationName = Release;
		};
/* End XCConfigurationList section */
	};
	rootObject = 4F8D5E951B6C0568005E64D4 /* Project object */;
}
